// !$*UTF8*$!
{
	archiveVersion = 1;
	classes = {
	};
	objectVersion = 46;
	objects = {

/* Begin PBXBuildFile section */
		354290E7A0212569BC0FF190 /* libPods-CodebitsApp.a in Frameworks */ = {isa = PBXBuildFile; fileRef = E012F2AF7BA838F20E06480A /* libPods-CodebitsApp.a */; };
		7C40A9441BA6CC8200BFBB22 /* main.m in Sources */ = {isa = PBXBuildFile; fileRef = 7C40A9431BA6CC8200BFBB22 /* main.m */; };
		7C40A9471BA6CC8200BFBB22 /* AppDelegate.m in Sources */ = {isa = PBXBuildFile; fileRef = 7C40A9461BA6CC8200BFBB22 /* AppDelegate.m */; };
		7C40A9501BA6CC8200BFBB22 /* Main.storyboard in Resources */ = {isa = PBXBuildFile; fileRef = 7C40A94E1BA6CC8200BFBB22 /* Main.storyboard */; };
		7C40A9521BA6CC8200BFBB22 /* Images.xcassets in Resources */ = {isa = PBXBuildFile; fileRef = 7C40A9511BA6CC8200BFBB22 /* Images.xcassets */; };
		7C40A9551BA6CC8200BFBB22 /* LaunchScreen.xib in Resources */ = {isa = PBXBuildFile; fileRef = 7C40A9531BA6CC8200BFBB22 /* LaunchScreen.xib */; };
		7C40A9611BA6CC8200BFBB22 /* CodebitsAppTests.m in Sources */ = {isa = PBXBuildFile; fileRef = 7C40A9601BA6CC8200BFBB22 /* CodebitsAppTests.m */; };
		7C40A96C1BA6CD6E00BFBB22 /* BotBuilderTableViewController.m in Sources */ = {isa = PBXBuildFile; fileRef = 7C40A96B1BA6CD6E00BFBB22 /* BotBuilderTableViewController.m */; };
		7C40A9701BA6D6C300BFBB22 /* UsersTableViewController.m in Sources */ = {isa = PBXBuildFile; fileRef = 7C40A96F1BA6D6C300BFBB22 /* UsersTableViewController.m */; };
		7C40A9731BA6EBA600BFBB22 /* BotPartsCollectionViewController.m in Sources */ = {isa = PBXBuildFile; fileRef = 7C40A9721BA6EBA600BFBB22 /* BotPartsCollectionViewController.m */; };
		7C40A9761BA7124800BFBB22 /* CB_API.m in Sources */ = {isa = PBXBuildFile; fileRef = 7C40A9751BA7124800BFBB22 /* CB_API.m */; };
		7C40A97A1BA81C5D00BFBB22 /* CB_BotPartsCatalog.m in Sources */ = {isa = PBXBuildFile; fileRef = 7C40A9791BA81C5D00BFBB22 /* CB_BotPartsCatalog.m */; };
		7C680A381BA874A30067B500 /* CB_Bot.m in Sources */ = {isa = PBXBuildFile; fileRef = 7C680A371BA874A30067B500 /* CB_Bot.m */; };
		7C680A3D1BAAD55F0067B500 /* UserDetailTableViewController.m in Sources */ = {isa = PBXBuildFile; fileRef = 7C680A3C1BAAD55F0067B500 /* UserDetailTableViewController.m */; };
		7C680A401BAC1FAE0067B500 /* CB_Users.m in Sources */ = {isa = PBXBuildFile; fileRef = 7C680A3F1BAC1FAE0067B500 /* CB_Users.m */; };
		7C680A431BAC5CDD0067B500 /* QuoteTableViewController.m in Sources */ = {isa = PBXBuildFile; fileRef = 7C680A421BAC5CDD0067B500 /* QuoteTableViewController.m */; };
		7C680A461BAC656E0067B500 /* UIColor+CB_Color.m in Sources */ = {isa = PBXBuildFile; fileRef = 7C680A451BAC656E0067B500 /* UIColor+CB_Color.m */; };
/* End PBXBuildFile section */

/* Begin PBXContainerItemProxy section */
		7C40A95B1BA6CC8200BFBB22 /* PBXContainerItemProxy */ = {
			isa = PBXContainerItemProxy;
			containerPortal = 7C40A9361BA6CC8100BFBB22 /* Project object */;
			proxyType = 1;
			remoteGlobalIDString = 7C40A93D1BA6CC8100BFBB22;
			remoteInfo = CodebitsApp;
		};
/* End PBXContainerItemProxy section */

/* Begin PBXFileReference section */
		7C40A93E1BA6CC8100BFBB22 /* CodebitsApp.app */ = {isa = PBXFileReference; explicitFileType = wrapper.application; includeInIndex = 0; path = CodebitsApp.app; sourceTree = BUILT_PRODUCTS_DIR; };
		7C40A9421BA6CC8200BFBB22 /* Info.plist */ = {isa = PBXFileReference; lastKnownFileType = text.plist.xml; path = Info.plist; sourceTree = "<group>"; };
		7C40A9431BA6CC8200BFBB22 /* main.m */ = {isa = PBXFileReference; lastKnownFileType = sourcecode.c.objc; path = main.m; sourceTree = "<group>"; };
		7C40A9451BA6CC8200BFBB22 /* AppDelegate.h */ = {isa = PBXFileReference; lastKnownFileType = sourcecode.c.h; path = AppDelegate.h; sourceTree = "<group>"; };
		7C40A9461BA6CC8200BFBB22 /* AppDelegate.m */ = {isa = PBXFileReference; lastKnownFileType = sourcecode.c.objc; path = AppDelegate.m; sourceTree = "<group>"; };
		7C40A94F1BA6CC8200BFBB22 /* Base */ = {isa = PBXFileReference; lastKnownFileType = file.storyboard; name = Base; path = Base.lproj/Main.storyboard; sourceTree = "<group>"; };
		7C40A9511BA6CC8200BFBB22 /* Images.xcassets */ = {isa = PBXFileReference; lastKnownFileType = folder.assetcatalog; path = Images.xcassets; sourceTree = "<group>"; };
		7C40A9541BA6CC8200BFBB22 /* Base */ = {isa = PBXFileReference; lastKnownFileType = file.xib; name = Base; path = Base.lproj/LaunchScreen.xib; sourceTree = "<group>"; };
		7C40A95A1BA6CC8200BFBB22 /* CodebitsAppTests.xctest */ = {isa = PBXFileReference; explicitFileType = wrapper.cfbundle; includeInIndex = 0; path = CodebitsAppTests.xctest; sourceTree = BUILT_PRODUCTS_DIR; };
		7C40A95F1BA6CC8200BFBB22 /* Info.plist */ = {isa = PBXFileReference; lastKnownFileType = text.plist.xml; path = Info.plist; sourceTree = "<group>"; };
		7C40A9601BA6CC8200BFBB22 /* CodebitsAppTests.m */ = {isa = PBXFileReference; lastKnownFileType = sourcecode.c.objc; path = CodebitsAppTests.m; sourceTree = "<group>"; };
		7C40A96A1BA6CD6E00BFBB22 /* BotBuilderTableViewController.h */ = {isa = PBXFileReference; fileEncoding = 4; lastKnownFileType = sourcecode.c.h; path = BotBuilderTableViewController.h; sourceTree = "<group>"; };
		7C40A96B1BA6CD6E00BFBB22 /* BotBuilderTableViewController.m */ = {isa = PBXFileReference; fileEncoding = 4; lastKnownFileType = sourcecode.c.objc; path = BotBuilderTableViewController.m; sourceTree = "<group>"; };
		7C40A96E1BA6D6C300BFBB22 /* UsersTableViewController.h */ = {isa = PBXFileReference; fileEncoding = 4; lastKnownFileType = sourcecode.c.h; path = UsersTableViewController.h; sourceTree = "<group>"; };
		7C40A96F1BA6D6C300BFBB22 /* UsersTableViewController.m */ = {isa = PBXFileReference; fileEncoding = 4; lastKnownFileType = sourcecode.c.objc; path = UsersTableViewController.m; sourceTree = "<group>"; };
		7C40A9711BA6EBA600BFBB22 /* BotPartsCollectionViewController.h */ = {isa = PBXFileReference; fileEncoding = 4; lastKnownFileType = sourcecode.c.h; path = BotPartsCollectionViewController.h; sourceTree = "<group>"; };
		7C40A9721BA6EBA600BFBB22 /* BotPartsCollectionViewController.m */ = {isa = PBXFileReference; fileEncoding = 4; lastKnownFileType = sourcecode.c.objc; path = BotPartsCollectionViewController.m; sourceTree = "<group>"; };
		7C40A9741BA7124800BFBB22 /* CB_API.h */ = {isa = PBXFileReference; fileEncoding = 4; lastKnownFileType = sourcecode.c.h; path = CB_API.h; sourceTree = "<group>"; };
		7C40A9751BA7124800BFBB22 /* CB_API.m */ = {isa = PBXFileReference; fileEncoding = 4; lastKnownFileType = sourcecode.c.objc; path = CB_API.m; sourceTree = "<group>"; };
		7C40A9781BA81C5D00BFBB22 /* CB_BotPartsCatalog.h */ = {isa = PBXFileReference; fileEncoding = 4; lastKnownFileType = sourcecode.c.h; path = CB_BotPartsCatalog.h; sourceTree = "<group>"; };
		7C40A9791BA81C5D00BFBB22 /* CB_BotPartsCatalog.m */ = {isa = PBXFileReference; fileEncoding = 4; lastKnownFileType = sourcecode.c.objc; path = CB_BotPartsCatalog.m; sourceTree = "<group>"; };
		7C680A361BA874A30067B500 /* CB_Bot.h */ = {isa = PBXFileReference; fileEncoding = 4; lastKnownFileType = sourcecode.c.h; path = CB_Bot.h; sourceTree = "<group>"; };
		7C680A371BA874A30067B500 /* CB_Bot.m */ = {isa = PBXFileReference; fileEncoding = 4; lastKnownFileType = sourcecode.c.objc; path = CB_Bot.m; sourceTree = "<group>"; };
		7C680A3B1BAAD55F0067B500 /* UserDetailTableViewController.h */ = {isa = PBXFileReference; fileEncoding = 4; lastKnownFileType = sourcecode.c.h; path = UserDetailTableViewController.h; sourceTree = "<group>"; };
		7C680A3C1BAAD55F0067B500 /* UserDetailTableViewController.m */ = {isa = PBXFileReference; fileEncoding = 4; lastKnownFileType = sourcecode.c.objc; path = UserDetailTableViewController.m; sourceTree = "<group>"; };
		7C680A3E1BAC1FAE0067B500 /* CB_Users.h */ = {isa = PBXFileReference; fileEncoding = 4; lastKnownFileType = sourcecode.c.h; path = CB_Users.h; sourceTree = "<group>"; };
		7C680A3F1BAC1FAE0067B500 /* CB_Users.m */ = {isa = PBXFileReference; fileEncoding = 4; lastKnownFileType = sourcecode.c.objc; path = CB_Users.m; sourceTree = "<group>"; };
		7C680A411BAC5CDD0067B500 /* QuoteTableViewController.h */ = {isa = PBXFileReference; fileEncoding = 4; lastKnownFileType = sourcecode.c.h; path = QuoteTableViewController.h; sourceTree = "<group>"; };
		7C680A421BAC5CDD0067B500 /* QuoteTableViewController.m */ = {isa = PBXFileReference; fileEncoding = 4; lastKnownFileType = sourcecode.c.objc; path = QuoteTableViewController.m; sourceTree = "<group>"; };
		7C680A441BAC656E0067B500 /* UIColor+CB_Color.h */ = {isa = PBXFileReference; fileEncoding = 4; lastKnownFileType = sourcecode.c.h; path = "UIColor+CB_Color.h"; sourceTree = "<group>"; };
		7C680A451BAC656E0067B500 /* UIColor+CB_Color.m */ = {isa = PBXFileReference; fileEncoding = 4; lastKnownFileType = sourcecode.c.objc; path = "UIColor+CB_Color.m"; sourceTree = "<group>"; };
		DBEE6D56A48B95EA06587CDA /* Pods-CodebitsApp.debug.xcconfig */ = {isa = PBXFileReference; includeInIndex = 1; lastKnownFileType = text.xcconfig; name = "Pods-CodebitsApp.debug.xcconfig"; path = "Pods/Target Support Files/Pods-CodebitsApp/Pods-CodebitsApp.debug.xcconfig"; sourceTree = "<group>"; };
		E012F2AF7BA838F20E06480A /* libPods-CodebitsApp.a */ = {isa = PBXFileReference; explicitFileType = archive.ar; includeInIndex = 0; path = "libPods-CodebitsApp.a"; sourceTree = BUILT_PRODUCTS_DIR; };
		EA3D62E623DDE0537FD2436B /* Pods-CodebitsApp.release.xcconfig */ = {isa = PBXFileReference; includeInIndex = 1; lastKnownFileType = text.xcconfig; name = "Pods-CodebitsApp.release.xcconfig"; path = "Pods/Target Support Files/Pods-CodebitsApp/Pods-CodebitsApp.release.xcconfig"; sourceTree = "<group>"; };
/* End PBXFileReference section */

/* Begin PBXFrameworksBuildPhase section */
		7C40A93B1BA6CC8100BFBB22 /* Frameworks */ = {
			isa = PBXFrameworksBuildPhase;
			buildActionMask = 2147483647;
			files = (
				354290E7A0212569BC0FF190 /* libPods-CodebitsApp.a in Frameworks */,
			);
			runOnlyForDeploymentPostprocessing = 0;
		};
		7C40A9571BA6CC8200BFBB22 /* Frameworks */ = {
			isa = PBXFrameworksBuildPhase;
			buildActionMask = 2147483647;
			files = (
			);
			runOnlyForDeploymentPostprocessing = 0;
		};
/* End PBXFrameworksBuildPhase section */

/* Begin PBXGroup section */
		2A2BA20BD6C205589B98918B /* Frameworks */ = {
			isa = PBXGroup;
			children = (
				E012F2AF7BA838F20E06480A /* libPods-CodebitsApp.a */,
			);
			name = Frameworks;
			sourceTree = "<group>";
		};
		7C40A9351BA6CC8100BFBB22 = {
			isa = PBXGroup;
			children = (
				7C40A9401BA6CC8100BFBB22 /* CodebitsApp */,
				7C40A95D1BA6CC8200BFBB22 /* CodebitsAppTests */,
				7C40A93F1BA6CC8100BFBB22 /* Products */,
				A206D16157E6A93B9905B59A /* Pods */,
				2A2BA20BD6C205589B98918B /* Frameworks */,
			);
			sourceTree = "<group>";
		};
		7C40A93F1BA6CC8100BFBB22 /* Products */ = {
			isa = PBXGroup;
			children = (
				7C40A93E1BA6CC8100BFBB22 /* CodebitsApp.app */,
				7C40A95A1BA6CC8200BFBB22 /* CodebitsAppTests.xctest */,
			);
			name = Products;
			sourceTree = "<group>";
		};
		7C40A9401BA6CC8100BFBB22 /* CodebitsApp */ = {
			isa = PBXGroup;
			children = (
				7C40A9451BA6CC8200BFBB22 /* AppDelegate.h */,
				7C40A9461BA6CC8200BFBB22 /* AppDelegate.m */,
				7C40A94E1BA6CC8200BFBB22 /* Main.storyboard */,
				7C40A9511BA6CC8200BFBB22 /* Images.xcassets */,
				7C40A9531BA6CC8200BFBB22 /* LaunchScreen.xib */,
				7C40A9411BA6CC8100BFBB22 /* Supporting Files */,
				7C40A96D1BA6CD7C00BFBB22 /* ViewControllers */,
				7C40A9771BA7125000BFBB22 /* Server */,
				7C40A97B1BA81C6400BFBB22 /* Model */,
				7C680A471BAC65780067B500 /* Categories */,
			);
			path = CodebitsApp;
			sourceTree = "<group>";
		};
		7C40A9411BA6CC8100BFBB22 /* Supporting Files */ = {
			isa = PBXGroup;
			children = (
				7C40A9421BA6CC8200BFBB22 /* Info.plist */,
				7C40A9431BA6CC8200BFBB22 /* main.m */,
			);
			name = "Supporting Files";
			sourceTree = "<group>";
		};
		7C40A95D1BA6CC8200BFBB22 /* CodebitsAppTests */ = {
			isa = PBXGroup;
			children = (
				7C40A9601BA6CC8200BFBB22 /* CodebitsAppTests.m */,
				7C40A95E1BA6CC8200BFBB22 /* Supporting Files */,
			);
			path = CodebitsAppTests;
			sourceTree = "<group>";
		};
		7C40A95E1BA6CC8200BFBB22 /* Supporting Files */ = {
			isa = PBXGroup;
			children = (
				7C40A95F1BA6CC8200BFBB22 /* Info.plist */,
			);
			name = "Supporting Files";
			sourceTree = "<group>";
		};
		7C40A96D1BA6CD7C00BFBB22 /* ViewControllers */ = {
			isa = PBXGroup;
			children = (
				7C680A391BAAB9270067B500 /* BotBuilder */,
				7C680A3A1BAAB9530067B500 /* Users */,
			);
			name = ViewControllers;
			sourceTree = "<group>";
		};
		7C40A9771BA7125000BFBB22 /* Server */ = {
			isa = PBXGroup;
			children = (
				7C40A9741BA7124800BFBB22 /* CB_API.h */,
				7C40A9751BA7124800BFBB22 /* CB_API.m */,
			);
			name = Server;
			sourceTree = "<group>";
		};
		7C40A97B1BA81C6400BFBB22 /* Model */ = {
			isa = PBXGroup;
			children = (
				7C40A9781BA81C5D00BFBB22 /* CB_BotPartsCatalog.h */,
				7C40A9791BA81C5D00BFBB22 /* CB_BotPartsCatalog.m */,
				7C680A361BA874A30067B500 /* CB_Bot.h */,
				7C680A371BA874A30067B500 /* CB_Bot.m */,
				7C680A3E1BAC1FAE0067B500 /* CB_Users.h */,
				7C680A3F1BAC1FAE0067B500 /* CB_Users.m */,
			);
			name = Model;
			sourceTree = "<group>";
		};
		7C680A391BAAB9270067B500 /* BotBuilder */ = {
			isa = PBXGroup;
			children = (
				7C40A96A1BA6CD6E00BFBB22 /* BotBuilderTableViewController.h */,
				7C40A96B1BA6CD6E00BFBB22 /* BotBuilderTableViewController.m */,
				7C40A9711BA6EBA600BFBB22 /* BotPartsCollectionViewController.h */,
				7C40A9721BA6EBA600BFBB22 /* BotPartsCollectionViewController.m */,
				7C680A411BAC5CDD0067B500 /* QuoteTableViewController.h */,
				7C680A421BAC5CDD0067B500 /* QuoteTableViewController.m */,
			);
			name = BotBuilder;
			sourceTree = "<group>";
		};
		7C680A3A1BAAB9530067B500 /* Users */ = {
			isa = PBXGroup;
			children = (
				7C40A96E1BA6D6C300BFBB22 /* UsersTableViewController.h */,
				7C40A96F1BA6D6C300BFBB22 /* UsersTableViewController.m */,
				7C680A3B1BAAD55F0067B500 /* UserDetailTableViewController.h */,
				7C680A3C1BAAD55F0067B500 /* UserDetailTableViewController.m */,
			);
			name = Users;
			sourceTree = "<group>";
		};
		7C680A471BAC65780067B500 /* Categories */ = {
			isa = PBXGroup;
			children = (
				7C680A441BAC656E0067B500 /* UIColor+CB_Color.h */,
				7C680A451BAC656E0067B500 /* UIColor+CB_Color.m */,
			);
			name = Categories;
			sourceTree = "<group>";
		};
		A206D16157E6A93B9905B59A /* Pods */ = {
			isa = PBXGroup;
			children = (
				DBEE6D56A48B95EA06587CDA /* Pods-CodebitsApp.debug.xcconfig */,
				EA3D62E623DDE0537FD2436B /* Pods-CodebitsApp.release.xcconfig */,
			);
			name = Pods;
			sourceTree = "<group>";
		};
/* End PBXGroup section */

/* Begin PBXNativeTarget section */
		7C40A93D1BA6CC8100BFBB22 /* CodebitsApp */ = {
			isa = PBXNativeTarget;
			buildConfigurationList = 7C40A9641BA6CC8200BFBB22 /* Build configuration list for PBXNativeTarget "CodebitsApp" */;
			buildPhases = (
				2E7FA849FDF13F206920794B /* Check Pods Manifest.lock */,
				7C40A93A1BA6CC8100BFBB22 /* Sources */,
				7C40A93B1BA6CC8100BFBB22 /* Frameworks */,
				7C40A93C1BA6CC8100BFBB22 /* Resources */,
				6E5293D19C190BD606747D2B /* Copy Pods Resources */,
			);
			buildRules = (
			);
			dependencies = (
			);
			name = CodebitsApp;
			productName = CodebitsApp;
			productReference = 7C40A93E1BA6CC8100BFBB22 /* CodebitsApp.app */;
			productType = "com.apple.product-type.application";
		};
		7C40A9591BA6CC8200BFBB22 /* CodebitsAppTests */ = {
			isa = PBXNativeTarget;
			buildConfigurationList = 7C40A9671BA6CC8200BFBB22 /* Build configuration list for PBXNativeTarget "CodebitsAppTests" */;
			buildPhases = (
				7C40A9561BA6CC8200BFBB22 /* Sources */,
				7C40A9571BA6CC8200BFBB22 /* Frameworks */,
				7C40A9581BA6CC8200BFBB22 /* Resources */,
			);
			buildRules = (
			);
			dependencies = (
				7C40A95C1BA6CC8200BFBB22 /* PBXTargetDependency */,
			);
			name = CodebitsAppTests;
			productName = CodebitsAppTests;
			productReference = 7C40A95A1BA6CC8200BFBB22 /* CodebitsAppTests.xctest */;
			productType = "com.apple.product-type.bundle.unit-test";
		};
/* End PBXNativeTarget section */

/* Begin PBXProject section */
		7C40A9361BA6CC8100BFBB22 /* Project object */ = {
			isa = PBXProject;
			attributes = {
				LastUpgradeCheck = 0640;
				ORGANIZATIONNAME = "Miguel Gomes";
				TargetAttributes = {
					7C40A93D1BA6CC8100BFBB22 = {
						CreatedOnToolsVersion = 6.4;
						DevelopmentTeam = C5M6A2YHKX;
					};
					7C40A9591BA6CC8200BFBB22 = {
						CreatedOnToolsVersion = 6.4;
						TestTargetID = 7C40A93D1BA6CC8100BFBB22;
					};
				};
			};
			buildConfigurationList = 7C40A9391BA6CC8100BFBB22 /* Build configuration list for PBXProject "CodebitsApp" */;
			compatibilityVersion = "Xcode 3.2";
			developmentRegion = English;
			hasScannedForEncodings = 0;
			knownRegions = (
				en,
				Base,
			);
			mainGroup = 7C40A9351BA6CC8100BFBB22;
			productRefGroup = 7C40A93F1BA6CC8100BFBB22 /* Products */;
			projectDirPath = "";
			projectRoot = "";
			targets = (
				7C40A93D1BA6CC8100BFBB22 /* CodebitsApp */,
				7C40A9591BA6CC8200BFBB22 /* CodebitsAppTests */,
			);
		};
/* End PBXProject section */

/* Begin PBXResourcesBuildPhase section */
		7C40A93C1BA6CC8100BFBB22 /* Resources */ = {
			isa = PBXResourcesBuildPhase;
			buildActionMask = 2147483647;
			files = (
				7C40A9501BA6CC8200BFBB22 /* Main.storyboard in Resources */,
				7C40A9551BA6CC8200BFBB22 /* LaunchScreen.xib in Resources */,
				7C40A9521BA6CC8200BFBB22 /* Images.xcassets in Resources */,
			);
			runOnlyForDeploymentPostprocessing = 0;
		};
		7C40A9581BA6CC8200BFBB22 /* Resources */ = {
			isa = PBXResourcesBuildPhase;
			buildActionMask = 2147483647;
			files = (
			);
			runOnlyForDeploymentPostprocessing = 0;
		};
/* End PBXResourcesBuildPhase section */

/* Begin PBXShellScriptBuildPhase section */
		2E7FA849FDF13F206920794B /* Check Pods Manifest.lock */ = {
			isa = PBXShellScriptBuildPhase;
			buildActionMask = 2147483647;
			files = (
			);
			inputPaths = (
			);
			name = "Check Pods Manifest.lock";
			outputPaths = (
			);
			runOnlyForDeploymentPostprocessing = 0;
			shellPath = /bin/sh;
			shellScript = "diff \"${PODS_ROOT}/../Podfile.lock\" \"${PODS_ROOT}/Manifest.lock\" > /dev/null\nif [[ $? != 0 ]] ; then\n    cat << EOM\nerror: The sandbox is not in sync with the Podfile.lock. Run 'pod install' or update your CocoaPods installation.\nEOM\n    exit 1\nfi\n";
			showEnvVarsInLog = 0;
		};
		6E5293D19C190BD606747D2B /* Copy Pods Resources */ = {
			isa = PBXShellScriptBuildPhase;
			buildActionMask = 2147483647;
			files = (
			);
			inputPaths = (
			);
			name = "Copy Pods Resources";
			outputPaths = (
			);
			runOnlyForDeploymentPostprocessing = 0;
			shellPath = /bin/sh;
			shellScript = "\"${SRCROOT}/Pods/Target Support Files/Pods-CodebitsApp/Pods-CodebitsApp-resources.sh\"\n";
			showEnvVarsInLog = 0;
		};
/* End PBXShellScriptBuildPhase section */

/* Begin PBXSourcesBuildPhase section */
		7C40A93A1BA6CC8100BFBB22 /* Sources */ = {
			isa = PBXSourcesBuildPhase;
			buildActionMask = 2147483647;
			files = (
				7C680A381BA874A30067B500 /* CB_Bot.m in Sources */,
				7C40A97A1BA81C5D00BFBB22 /* CB_BotPartsCatalog.m in Sources */,
				7C40A96C1BA6CD6E00BFBB22 /* BotBuilderTableViewController.m in Sources */,
				7C680A401BAC1FAE0067B500 /* CB_Users.m in Sources */,
				7C40A9471BA6CC8200BFBB22 /* AppDelegate.m in Sources */,
				7C40A9731BA6EBA600BFBB22 /* BotPartsCollectionViewController.m in Sources */,
				7C40A9701BA6D6C300BFBB22 /* UsersTableViewController.m in Sources */,
				7C40A9441BA6CC8200BFBB22 /* main.m in Sources */,
				7C680A461BAC656E0067B500 /* UIColor+CB_Color.m in Sources */,
				7C40A9761BA7124800BFBB22 /* CB_API.m in Sources */,
				7C680A431BAC5CDD0067B500 /* QuoteTableViewController.m in Sources */,
				7C680A3D1BAAD55F0067B500 /* UserDetailTableViewController.m in Sources */,
			);
			runOnlyForDeploymentPostprocessing = 0;
		};
		7C40A9561BA6CC8200BFBB22 /* Sources */ = {
			isa = PBXSourcesBuildPhase;
			buildActionMask = 2147483647;
			files = (
				7C40A9611BA6CC8200BFBB22 /* CodebitsAppTests.m in Sources */,
			);
			runOnlyForDeploymentPostprocessing = 0;
		};
/* End PBXSourcesBuildPhase section */

/* Begin PBXTargetDependency section */
		7C40A95C1BA6CC8200BFBB22 /* PBXTargetDependency */ = {
			isa = PBXTargetDependency;
			target = 7C40A93D1BA6CC8100BFBB22 /* CodebitsApp */;
			targetProxy = 7C40A95B1BA6CC8200BFBB22 /* PBXContainerItemProxy */;
		};
/* End PBXTargetDependency section */

/* Begin PBXVariantGroup section */
		7C40A94E1BA6CC8200BFBB22 /* Main.storyboard */ = {
			isa = PBXVariantGroup;
			children = (
				7C40A94F1BA6CC8200BFBB22 /* Base */,
			);
			name = Main.storyboard;
			sourceTree = "<group>";
		};
		7C40A9531BA6CC8200BFBB22 /* LaunchScreen.xib */ = {
			isa = PBXVariantGroup;
			children = (
				7C40A9541BA6CC8200BFBB22 /* Base */,
			);
			name = LaunchScreen.xib;
			sourceTree = "<group>";
		};
/* End PBXVariantGroup section */

/* Begin XCBuildConfiguration section */
		7C40A9621BA6CC8200BFBB22 /* Debug */ = {
			isa = XCBuildConfiguration;
			buildSettings = {
				ALWAYS_SEARCH_USER_PATHS = NO;
				CLANG_CXX_LANGUAGE_STANDARD = "gnu++0x";
				CLANG_CXX_LIBRARY = "libc++";
				CLANG_ENABLE_MODULES = YES;
				CLANG_ENABLE_OBJC_ARC = YES;
				CLANG_WARN_BOOL_CONVERSION = YES;
				CLANG_WARN_CONSTANT_CONVERSION = YES;
				CLANG_WARN_DIRECT_OBJC_ISA_USAGE = YES_ERROR;
				CLANG_WARN_EMPTY_BODY = YES;
				CLANG_WARN_ENUM_CONVERSION = YES;
				CLANG_WARN_INT_CONVERSION = YES;
				CLANG_WARN_OBJC_ROOT_CLASS = YES_ERROR;
				CLANG_WARN_UNREACHABLE_CODE = YES;
				CLANG_WARN__DUPLICATE_METHOD_MATCH = YES;
				"CODE_SIGN_IDENTITY[sdk=iphoneos*]" = "iPhone Developer";
				COPY_PHASE_STRIP = NO;
				DEBUG_INFORMATION_FORMAT = "dwarf-with-dsym";
				ENABLE_STRICT_OBJC_MSGSEND = YES;
				GCC_C_LANGUAGE_STANDARD = gnu99;
				GCC_DYNAMIC_NO_PIC = NO;
				GCC_NO_COMMON_BLOCKS = YES;
				GCC_OPTIMIZATION_LEVEL = 0;
				GCC_PREPROCESSOR_DEFINITIONS = (
					"DEBUG=1",
					"$(inherited)",
				);
				GCC_SYMBOLS_PRIVATE_EXTERN = NO;
				GCC_WARN_64_TO_32_BIT_CONVERSION = YES;
				GCC_WARN_ABOUT_RETURN_TYPE = YES_ERROR;
				GCC_WARN_UNDECLARED_SELECTOR = YES;
				GCC_WARN_UNINITIALIZED_AUTOS = YES_AGGRESSIVE;
				GCC_WARN_UNUSED_FUNCTION = YES;
				GCC_WARN_UNUSED_VARIABLE = YES;
				IPHONEOS_DEPLOYMENT_TARGET = 8.4;
				MTL_ENABLE_DEBUG_INFO = YES;
				ONLY_ACTIVE_ARCH = YES;
				SDKROOT = iphoneos;
				TARGETED_DEVICE_FAMILY = "1,2";
			};
			name = Debug;
		};
		7C40A9631BA6CC8200BFBB22 /* Release */ = {
			isa = XCBuildConfiguration;
			buildSettings = {
				ALWAYS_SEARCH_USER_PATHS = NO;
				CLANG_CXX_LANGUAGE_STANDARD = "gnu++0x";
				CLANG_CXX_LIBRARY = "libc++";
				CLANG_ENABLE_MODULES = YES;
				CLANG_ENABLE_OBJC_ARC = YES;
				CLANG_WARN_BOOL_CONVERSION = YES;
				CLANG_WARN_CONSTANT_CONVERSION = YES;
				CLANG_WARN_DIRECT_OBJC_ISA_USAGE = YES_ERROR;
				CLANG_WARN_EMPTY_BODY = YES;
				CLANG_WARN_ENUM_CONVERSION = YES;
				CLANG_WARN_INT_CONVERSION = YES;
				CLANG_WARN_OBJC_ROOT_CLASS = YES_ERROR;
				CLANG_WARN_UNREACHABLE_CODE = YES;
				CLANG_WARN__DUPLICATE_METHOD_MATCH = YES;
				"CODE_SIGN_IDENTITY[sdk=iphoneos*]" = "iPhone Developer";
				COPY_PHASE_STRIP = NO;
				DEBUG_INFORMATION_FORMAT = "dwarf-with-dsym";
				ENABLE_NS_ASSERTIONS = NO;
				ENABLE_STRICT_OBJC_MSGSEND = YES;
				GCC_C_LANGUAGE_STANDARD = gnu99;
				GCC_NO_COMMON_BLOCKS = YES;
				GCC_WARN_64_TO_32_BIT_CONVERSION = YES;
				GCC_WARN_ABOUT_RETURN_TYPE = YES_ERROR;
				GCC_WARN_UNDECLARED_SELECTOR = YES;
				GCC_WARN_UNINITIALIZED_AUTOS = YES_AGGRESSIVE;
				GCC_WARN_UNUSED_FUNCTION = YES;
				GCC_WARN_UNUSED_VARIABLE = YES;
				IPHONEOS_DEPLOYMENT_TARGET = 8.4;
				MTL_ENABLE_DEBUG_INFO = NO;
				SDKROOT = iphoneos;
				TARGETED_DEVICE_FAMILY = "1,2";
				VALIDATE_PRODUCT = YES;
			};
			name = Release;
		};
		7C40A9651BA6CC8200BFBB22 /* Debug */ = {
			isa = XCBuildConfiguration;
			baseConfigurationReference = DBEE6D56A48B95EA06587CDA /* Pods-CodebitsApp.debug.xcconfig */;
			buildSettings = {
				ASSETCATALOG_COMPILER_APPICON_NAME = AppIcon;
				CODE_SIGN_IDENTITY = "iPhone Developer";
				INFOPLIST_FILE = CodebitsApp/Info.plist;
				LD_RUNPATH_SEARCH_PATHS = "$(inherited) @executable_path/Frameworks";
				PRODUCT_NAME = "$(TARGET_NAME)";
			};
			name = Debug;
		};
		7C40A9661BA6CC8200BFBB22 /* Release */ = {
			isa = XCBuildConfiguration;
			baseConfigurationReference = EA3D62E623DDE0537FD2436B /* Pods-CodebitsApp.release.xcconfig */;
			buildSettings = {
				ASSETCATALOG_COMPILER_APPICON_NAME = AppIcon;
				CODE_SIGN_IDENTITY = "iPhone Developer";
				INFOPLIST_FILE = CodebitsApp/Info.plist;
				LD_RUNPATH_SEARCH_PATHS = "$(inherited) @executable_path/Frameworks";
				PRODUCT_NAME = "$(TARGET_NAME)";
			};
			name = Release;
		};
		7C40A9681BA6CC8200BFBB22 /* Debug */ = {
			isa = XCBuildConfiguration;
			buildSettings = {
				BUNDLE_LOADER = "$(TEST_HOST)";
				FRAMEWORK_SEARCH_PATHS = (
					"$(SDKROOT)/Developer/Library/Frameworks",
					"$(inherited)",
				);
				GCC_PREPROCESSOR_DEFINITIONS = (
					"DEBUG=1",
					"$(inherited)",
				);
				INFOPLIST_FILE = CodebitsAppTests/Info.plist;
				LD_RUNPATH_SEARCH_PATHS = "$(inherited) @executable_path/Frameworks @loader_path/Frameworks";
				PRODUCT_NAME = "$(TARGET_NAME)";
				TEST_HOST = "$(BUILT_PRODUCTS_DIR)/CodebitsApp.app/CodebitsApp";
			};
			name = Debug;
		};
		7C40A9691BA6CC8200BFBB22 /* Release */ = {
			isa = XCBuildConfiguration;
			buildSettings = {
				BUNDLE_LOADER = "$(TEST_HOST)";
				FRAMEWORK_SEARCH_PATHS = (
					"$(SDKROOT)/Developer/Library/Frameworks",
					"$(inherited)",
				);
				INFOPLIST_FILE = CodebitsAppTests/Info.plist;
				LD_RUNPATH_SEARCH_PATHS = "$(inherited) @executable_path/Frameworks @loader_path/Frameworks";
				PRODUCT_NAME = "$(TARGET_NAME)";
				TEST_HOST = "$(BUILT_PRODUCTS_DIR)/CodebitsApp.app/CodebitsApp";
			};
			name = Release;
		};
/* End XCBuildConfiguration section */

/* Begin XCConfigurationList section */
		7C40A9391BA6CC8100BFBB22 /* Build configuration list for PBXProject "CodebitsApp" */ = {
			isa = XCConfigurationList;
			buildConfigurations = (
				7C40A9621BA6CC8200BFBB22 /* Debug */,
				7C40A9631BA6CC8200BFBB22 /* Release */,
			);
			defaultConfigurationIsVisible = 0;
			defaultConfigurationName = Release;
		};
		7C40A9641BA6CC8200BFBB22 /* Build configuration list for PBXNativeTarget "CodebitsApp" */ = {
			isa = XCConfigurationList;
			buildConfigurations = (
				7C40A9651BA6CC8200BFBB22 /* Debug */,
				7C40A9661BA6CC8200BFBB22 /* Release */,
			);
			defaultConfigurationIsVisible = 0;
			defaultConfigurationName = Release;
		};
		7C40A9671BA6CC8200BFBB22 /* Build configuration list for PBXNativeTarget "CodebitsAppTests" */ = {
			isa = XCConfigurationList;
			buildConfigurations = (
				7C40A9681BA6CC8200BFBB22 /* Debug */,
				7C40A9691BA6CC8200BFBB22 /* Release */,
			);
			defaultConfigurationIsVisible = 0;
			defaultConfigurationName = Release;
		};
/* End XCConfigurationList section */
	};
	rootObject = 7C40A9361BA6CC8100BFBB22 /* Project object */;
}
